
Microsoft Visual Studio Solution File, Format Version 12.00
# Visual Studio Version 16
VisualStudioVersion = 16.0.30804.86
MinimumVisualStudioVersion = 10.0.40219.1
Project("{8BC9CEB8-8B4A-11D0-8D11-00A0C91BC942}") = "ConsoleApplication1", "ConsoleApplication1.vcxproj", "{DF11A576-A580-43DB-B4A6-34333C024555}"
EndProject
Global
	GlobalSection(SolutionConfigurationPlatforms) = preSolution
		Debug|x64 = Debug|x64
		Debug|x86 = Debug|x86
		Release|x64 = Release|x64
		Release|x86 = Release|x86
	EndGlobalSection
	GlobalSection(ProjectConfigurationPlatforms) = postSolution
		{DF11A576-A580-43DB-B4A6-34333C024555}.Debug|x64.ActiveCfg = Debug|x64
		{DF11A576-A580-43DB-B4A6-34333C024555}.Debug|x64.Build.0 = Debug|x64
		{DF11A576-A580-43DB-B4A6-34333C024555}.Debug|x86.ActiveCfg = Debug|Win32
		{DF11A576-A580-43DB-B4A6-34333C024555}.Debug|x86.Build.0 = Debug|Win32
		{DF11A576-A580-43DB-B4A6-34333C024555}.Release|x64.ActiveCfg = Release|x64
		{DF11A576-A580-43DB-B4A6-34333C024555}.Release|x64.Build.0 = Release|x64
		{DF11A576-A580-43DB-B4A6-34333C024555}.Release|x86.ActiveCfg = Release|Win32
		{DF11A576-A580-43DB-B4A6-34333C024555}.Release|x86.Build.0 = Release|Win32
	EndGlobalSection
	GlobalSection(SolutionProperties) = preSolution
		HideSolutionNode = FALSE
	EndGlobalSection
	GlobalSection(ExtensibilityGlobals) = postSolution
		SolutionGuid = {02519213-0A29-40A4-9995-50ECEB8B2066}
	EndGlobalSection
EndGlobal
